
Microsoft Visual Studio Solution File, Format Version 12.00
# Visual Studio Version 17
VisualStudioVersion = 17.3.32901.215
MinimumVisualStudioVersion = 10.0.40219.1
Project("{9A19103F-16F7-4668-BE54-9A1E7A4F7556}") = "WpfAppTest", "WpfAppTest\WpfAppTest.csproj", "{72C0138A-D8D1-451B-A737-1E4087A83DD9}"
EndProject
Project("{FAE04EC0-301F-11D3-BF4B-00C04F79EFBC}") = "WcfServiceTest", "WcfServiceTest\WcfServiceTest.csproj", "{4B5AC98E-4BB6-4DB6-8354-650D8D9249F3}"
EndProject
Project("{FAE04EC0-301F-11D3-BF4B-00C04F79EFBC}") = "WindowsService1", "WindowsService1\WindowsService1.csproj", "{5A11D89C-78C8-4819-969F-1F23C56ECEEC}"
EndProject
Global
	GlobalSection(SolutionConfigurationPlatforms) = preSolution
		Debug|Any CPU = Debug|Any CPU
		Release|Any CPU = Release|Any CPU
	EndGlobalSection
	GlobalSection(ProjectConfigurationPlatforms) = postSolution
		{72C0138A-D8D1-451B-A737-1E4087A83DD9}.Debug|Any CPU.ActiveCfg = Debug|Any CPU
		{72C0138A-D8D1-451B-A737-1E4087A83DD9}.Debug|Any CPU.Build.0 = Debug|Any CPU
		{72C0138A-D8D1-451B-A737-1E4087A83DD9}.Release|Any CPU.ActiveCfg = Release|Any CPU
		{72C0138A-D8D1-451B-A737-1E4087A83DD9}.Release|Any CPU.Build.0 = Release|Any CPU
		{4B5AC98E-4BB6-4DB6-8354-650D8D9249F3}.Debug|Any CPU.ActiveCfg = Debug|Any CPU
		{4B5AC98E-4BB6-4DB6-8354-650D8D9249F3}.Debug|Any CPU.Build.0 = Debug|Any CPU
		{4B5AC98E-4BB6-4DB6-8354-650D8D9249F3}.Release|Any CPU.ActiveCfg = Release|Any CPU
		{4B5AC98E-4BB6-4DB6-8354-650D8D9249F3}.Release|Any CPU.Build.0 = Release|Any CPU
		{5A11D89C-78C8-4819-969F-1F23C56ECEEC}.Debug|Any CPU.ActiveCfg = Debug|Any CPU
		{5A11D89C-78C8-4819-969F-1F23C56ECEEC}.Debug|Any CPU.Build.0 = Debug|Any CPU
		{5A11D89C-78C8-4819-969F-1F23C56ECEEC}.Release|Any CPU.ActiveCfg = Release|Any CPU
		{5A11D89C-78C8-4819-969F-1F23C56ECEEC}.Release|Any CPU.Build.0 = Release|Any CPU
	EndGlobalSection
	GlobalSection(SolutionProperties) = preSolution
		HideSolutionNode = FALSE
	EndGlobalSection
	GlobalSection(ExtensibilityGlobals) = postSolution
		SolutionGuid = {7D2A8205-ABCD-494B-9C95-C21516F05D46}
	EndGlobalSection
EndGlobal
